// !$*UTF8*$!
{
	archiveVersion = 1;
	classes = {
	};
	objectVersion = 55;
	objects = {

/* Begin PBXBuildFile section */
		0D6B743127AEC81C002251E4 /* RandomUserViewModel.swift in Sources */ = {isa = PBXBuildFile; fileRef = 0D6B743027AEC81C002251E4 /* RandomUserViewModel.swift */; };
		0D8086E527AFD23000EABDB5 /* UserDetailView.swift in Sources */ = {isa = PBXBuildFile; fileRef = 0D8086E427AFD23000EABDB5 /* UserDetailView.swift */; };
		0DAC0B2827AEBF370085C4AF /* RandomUserListApp.swift in Sources */ = {isa = PBXBuildFile; fileRef = 0DAC0B2727AEBF370085C4AF /* RandomUserListApp.swift */; };
		0DAC0B2A27AEBF370085C4AF /* ContentView.swift in Sources */ = {isa = PBXBuildFile; fileRef = 0DAC0B2927AEBF370085C4AF /* ContentView.swift */; };
		0DAC0B2C27AEBF380085C4AF /* Assets.xcassets in Resources */ = {isa = PBXBuildFile; fileRef = 0DAC0B2B27AEBF380085C4AF /* Assets.xcassets */; };
		0DAC0B2F27AEBF380085C4AF /* Preview Assets.xcassets in Resources */ = {isa = PBXBuildFile; fileRef = 0DAC0B2E27AEBF380085C4AF /* Preview Assets.xcassets */; };
		0DAC0B3927AEBF380085C4AF /* RandomUserListTests.swift in Sources */ = {isa = PBXBuildFile; fileRef = 0DAC0B3827AEBF380085C4AF /* RandomUserListTests.swift */; };
		0DAC0B4327AEBF380085C4AF /* RandomUserListUITests.swift in Sources */ = {isa = PBXBuildFile; fileRef = 0DAC0B4227AEBF380085C4AF /* RandomUserListUITests.swift */; };
		0DAC0B4527AEBF380085C4AF /* RandomUserListUITestsLaunchTests.swift in Sources */ = {isa = PBXBuildFile; fileRef = 0DAC0B4427AEBF380085C4AF /* RandomUserListUITestsLaunchTests.swift */; };
		0DAC0B5427AEBF950085C4AF /* ProfileImgView.swift in Sources */ = {isa = PBXBuildFile; fileRef = 0DAC0B5327AEBF950085C4AF /* ProfileImgView.swift */; };
		0DAC0B5727AEC0930085C4AF /* URLImage in Frameworks */ = {isa = PBXBuildFile; productRef = 0DAC0B5627AEC0930085C4AF /* URLImage */; };
		0DAC0B5927AEC2C80085C4AF /* RandomUserRowView.swift in Sources */ = {isa = PBXBuildFile; fileRef = 0DAC0B5827AEC2C80085C4AF /* RandomUserRowView.swift */; };
		0DAC0B5C27AEC4D20085C4AF /* Alamofire in Frameworks */ = {isa = PBXBuildFile; productRef = 0DAC0B5B27AEC4D20085C4AF /* Alamofire */; };
		0DAC0B6027AEC5410085C4AF /* RandomUser+ResponseData.swift in Sources */ = {isa = PBXBuildFile; fileRef = 0DAC0B5F27AEC5410085C4AF /* RandomUser+ResponseData.swift */; };
/* End PBXBuildFile section */

/* Begin PBXContainerItemProxy section */
		0DAC0B3527AEBF380085C4AF /* PBXContainerItemProxy */ = {
			isa = PBXContainerItemProxy;
			containerPortal = 0DAC0B1C27AEBF370085C4AF /* Project object */;
			proxyType = 1;
			remoteGlobalIDString = 0DAC0B2327AEBF370085C4AF;
			remoteInfo = RandomUserList;
		};
		0DAC0B3F27AEBF380085C4AF /* PBXContainerItemProxy */ = {
			isa = PBXContainerItemProxy;
			containerPortal = 0DAC0B1C27AEBF370085C4AF /* Project object */;
			proxyType = 1;
			remoteGlobalIDString = 0DAC0B2327AEBF370085C4AF;
			remoteInfo = RandomUserList;
		};
/* End PBXContainerItemProxy section */

/* Begin PBXFileReference section */
		0D6B743027AEC81C002251E4 /* RandomUserViewModel.swift */ = {isa = PBXFileReference; lastKnownFileType = sourcecode.swift; path = RandomUserViewModel.swift; sourceTree = "<group>"; };
		0D8086E427AFD23000EABDB5 /* UserDetailView.swift */ = {isa = PBXFileReference; lastKnownFileType = sourcecode.swift; path = UserDetailView.swift; sourceTree = "<group>"; };
		0DAC0B2427AEBF370085C4AF /* RandomUserList.app */ = {isa = PBXFileReference; explicitFileType = wrapper.application; includeInIndex = 0; path = RandomUserList.app; sourceTree = BUILT_PRODUCTS_DIR; };
		0DAC0B2727AEBF370085C4AF /* RandomUserListApp.swift */ = {isa = PBXFileReference; lastKnownFileType = sourcecode.swift; path = RandomUserListApp.swift; sourceTree = "<group>"; };
		0DAC0B2927AEBF370085C4AF /* ContentView.swift */ = {isa = PBXFileReference; lastKnownFileType = sourcecode.swift; path = ContentView.swift; sourceTree = "<group>"; };
		0DAC0B2B27AEBF380085C4AF /* Assets.xcassets */ = {isa = PBXFileReference; lastKnownFileType = folder.assetcatalog; path = Assets.xcassets; sourceTree = "<group>"; };
		0DAC0B2E27AEBF380085C4AF /* Preview Assets.xcassets */ = {isa = PBXFileReference; lastKnownFileType = folder.assetcatalog; path = "Preview Assets.xcassets"; sourceTree = "<group>"; };
		0DAC0B3427AEBF380085C4AF /* RandomUserListTests.xctest */ = {isa = PBXFileReference; explicitFileType = wrapper.cfbundle; includeInIndex = 0; path = RandomUserListTests.xctest; sourceTree = BUILT_PRODUCTS_DIR; };
		0DAC0B3827AEBF380085C4AF /* RandomUserListTests.swift */ = {isa = PBXFileReference; lastKnownFileType = sourcecode.swift; path = RandomUserListTests.swift; sourceTree = "<group>"; };
		0DAC0B3E27AEBF380085C4AF /* RandomUserListUITests.xctest */ = {isa = PBXFileReference; explicitFileType = wrapper.cfbundle; includeInIndex = 0; path = RandomUserListUITests.xctest; sourceTree = BUILT_PRODUCTS_DIR; };
		0DAC0B4227AEBF380085C4AF /* RandomUserListUITests.swift */ = {isa = PBXFileReference; lastKnownFileType = sourcecode.swift; path = RandomUserListUITests.swift; sourceTree = "<group>"; };
		0DAC0B4427AEBF380085C4AF /* RandomUserListUITestsLaunchTests.swift */ = {isa = PBXFileReference; lastKnownFileType = sourcecode.swift; path = RandomUserListUITestsLaunchTests.swift; sourceTree = "<group>"; };
		0DAC0B5327AEBF950085C4AF /* ProfileImgView.swift */ = {isa = PBXFileReference; lastKnownFileType = sourcecode.swift; path = ProfileImgView.swift; sourceTree = "<group>"; };
		0DAC0B5827AEC2C80085C4AF /* RandomUserRowView.swift */ = {isa = PBXFileReference; lastKnownFileType = sourcecode.swift; path = RandomUserRowView.swift; sourceTree = "<group>"; };
		0DAC0B5F27AEC5410085C4AF /* RandomUser+ResponseData.swift */ = {isa = PBXFileReference; lastKnownFileType = sourcecode.swift; path = "RandomUser+ResponseData.swift"; sourceTree = "<group>"; };
/* End PBXFileReference section */

/* Begin PBXFrameworksBuildPhase section */
		0DAC0B2127AEBF370085C4AF /* Frameworks */ = {
			isa = PBXFrameworksBuildPhase;
			buildActionMask = 2147483647;
			files = (
				0DAC0B5727AEC0930085C4AF /* URLImage in Frameworks */,
				0DAC0B5C27AEC4D20085C4AF /* Alamofire in Frameworks */,
			);
			runOnlyForDeploymentPostprocessing = 0;
		};
		0DAC0B3127AEBF380085C4AF /* Frameworks */ = {
			isa = PBXFrameworksBuildPhase;
			buildActionMask = 2147483647;
			files = (
			);
			runOnlyForDeploymentPostprocessing = 0;
		};
		0DAC0B3B27AEBF380085C4AF /* Frameworks */ = {
			isa = PBXFrameworksBuildPhase;
			buildActionMask = 2147483647;
			files = (
			);
			runOnlyForDeploymentPostprocessing = 0;
		};
/* End PBXFrameworksBuildPhase section */

/* Begin PBXGroup section */
		0DAC0B1B27AEBF370085C4AF = {
			isa = PBXGroup;
			children = (
				0DAC0B2627AEBF370085C4AF /* RandomUserList */,
				0DAC0B3727AEBF380085C4AF /* RandomUserListTests */,
				0DAC0B4127AEBF380085C4AF /* RandomUserListUITests */,
				0DAC0B2527AEBF370085C4AF /* Products */,
			);
			sourceTree = "<group>";
		};
		0DAC0B2527AEBF370085C4AF /* Products */ = {
			isa = PBXGroup;
			children = (
				0DAC0B2427AEBF370085C4AF /* RandomUserList.app */,
				0DAC0B3427AEBF380085C4AF /* RandomUserListTests.xctest */,
				0DAC0B3E27AEBF380085C4AF /* RandomUserListUITests.xctest */,
			);
			name = Products;
			sourceTree = "<group>";
		};
		0DAC0B2627AEBF370085C4AF /* RandomUserList */ = {
			isa = PBXGroup;
			children = (
				0DAC0B5227AEBF570085C4AF /* Data */,
				0DAC0B5127AEBF520085C4AF /* UI */,
				0DAC0B2727AEBF370085C4AF /* RandomUserListApp.swift */,
				0DAC0B2927AEBF370085C4AF /* ContentView.swift */,
				0DAC0B2B27AEBF380085C4AF /* Assets.xcassets */,
				0DAC0B2D27AEBF380085C4AF /* Preview Content */,
			);
			path = RandomUserList;
			sourceTree = "<group>";
		};
		0DAC0B2D27AEBF380085C4AF /* Preview Content */ = {
			isa = PBXGroup;
			children = (
				0DAC0B2E27AEBF380085C4AF /* Preview Assets.xcassets */,
			);
			path = "Preview Content";
			sourceTree = "<group>";
		};
		0DAC0B3727AEBF380085C4AF /* RandomUserListTests */ = {
			isa = PBXGroup;
			children = (
				0DAC0B3827AEBF380085C4AF /* RandomUserListTests.swift */,
			);
			path = RandomUserListTests;
			sourceTree = "<group>";
		};
		0DAC0B4127AEBF380085C4AF /* RandomUserListUITests */ = {
			isa = PBXGroup;
			children = (
				0DAC0B4227AEBF380085C4AF /* RandomUserListUITests.swift */,
				0DAC0B4427AEBF380085C4AF /* RandomUserListUITestsLaunchTests.swift */,
			);
			path = RandomUserListUITests;
			sourceTree = "<group>";
		};
		0DAC0B5127AEBF520085C4AF /* UI */ = {
			isa = PBXGroup;
			children = (
				0DAC0B5327AEBF950085C4AF /* ProfileImgView.swift */,
				0DAC0B5827AEC2C80085C4AF /* RandomUserRowView.swift */,
				0D8086E427AFD23000EABDB5 /* UserDetailView.swift */,
			);
			path = UI;
			sourceTree = "<group>";
		};
		0DAC0B5227AEBF570085C4AF /* Data */ = {
			isa = PBXGroup;
			children = (
				0DAC0B5F27AEC5410085C4AF /* RandomUser+ResponseData.swift */,
				0D6B743027AEC81C002251E4 /* RandomUserViewModel.swift */,
			);
			path = Data;
			sourceTree = "<group>";
		};
/* End PBXGroup section */

/* Begin PBXNativeTarget section */
		0DAC0B2327AEBF370085C4AF /* RandomUserList */ = {
			isa = PBXNativeTarget;
			buildConfigurationList = 0DAC0B4827AEBF380085C4AF /* Build configuration list for PBXNativeTarget "RandomUserList" */;
			buildPhases = (
				0DAC0B2027AEBF370085C4AF /* Sources */,
				0DAC0B2127AEBF370085C4AF /* Frameworks */,
				0DAC0B2227AEBF370085C4AF /* Resources */,
			);
			buildRules = (
			);
			dependencies = (
			);
			name = RandomUserList;
			packageProductDependencies = (
				0DAC0B5627AEC0930085C4AF /* URLImage */,
				0DAC0B5B27AEC4D20085C4AF /* Alamofire */,
			);
			productName = RandomUserList;
			productReference = 0DAC0B2427AEBF370085C4AF /* RandomUserList.app */;
			productType = "com.apple.product-type.application";
		};
		0DAC0B3327AEBF380085C4AF /* RandomUserListTests */ = {
			isa = PBXNativeTarget;
			buildConfigurationList = 0DAC0B4B27AEBF380085C4AF /* Build configuration list for PBXNativeTarget "RandomUserListTests" */;
			buildPhases = (
				0DAC0B3027AEBF380085C4AF /* Sources */,
				0DAC0B3127AEBF380085C4AF /* Frameworks */,
				0DAC0B3227AEBF380085C4AF /* Resources */,
			);
			buildRules = (
			);
			dependencies = (
				0DAC0B3627AEBF380085C4AF /* PBXTargetDependency */,
			);
			name = RandomUserListTests;
			productName = RandomUserListTests;
			productReference = 0DAC0B3427AEBF380085C4AF /* RandomUserListTests.xctest */;
			productType = "com.apple.product-type.bundle.unit-test";
		};
		0DAC0B3D27AEBF380085C4AF /* RandomUserListUITests */ = {
			isa = PBXNativeTarget;
			buildConfigurationList = 0DAC0B4E27AEBF380085C4AF /* Build configuration list for PBXNativeTarget "RandomUserListUITests" */;
			buildPhases = (
				0DAC0B3A27AEBF380085C4AF /* Sources */,
				0DAC0B3B27AEBF380085C4AF /* Frameworks */,
				0DAC0B3C27AEBF380085C4AF /* Resources */,
			);
			buildRules = (
			);
			dependencies = (
				0DAC0B4027AEBF380085C4AF /* PBXTargetDependency */,
			);
			name = RandomUserListUITests;
			productName = RandomUserListUITests;
			productReference = 0DAC0B3E27AEBF380085C4AF /* RandomUserListUITests.xctest */;
			productType = "com.apple.product-type.bundle.ui-testing";
		};
/* End PBXNativeTarget section */

/* Begin PBXProject section */
		0DAC0B1C27AEBF370085C4AF /* Project object */ = {
			isa = PBXProject;
			attributes = {
				BuildIndependentTargetsInParallel = 1;
				LastSwiftUpdateCheck = 1320;
				LastUpgradeCheck = 1320;
				TargetAttributes = {
					0DAC0B2327AEBF370085C4AF = {
						CreatedOnToolsVersion = 13.2.1;
					};
					0DAC0B3327AEBF380085C4AF = {
						CreatedOnToolsVersion = 13.2.1;
						TestTargetID = 0DAC0B2327AEBF370085C4AF;
					};
					0DAC0B3D27AEBF380085C4AF = {
						CreatedOnToolsVersion = 13.2.1;
						TestTargetID = 0DAC0B2327AEBF370085C4AF;
					};
				};
			};
			buildConfigurationList = 0DAC0B1F27AEBF370085C4AF /* Build configuration list for PBXProject "RandomUserList" */;
			compatibilityVersion = "Xcode 13.0";
			developmentRegion = en;
			hasScannedForEncodings = 0;
			knownRegions = (
				en,
				Base,
			);
			mainGroup = 0DAC0B1B27AEBF370085C4AF;
			packageReferences = (
				0DAC0B5527AEC0930085C4AF /* XCRemoteSwiftPackageReference "url-image" */,
				0DAC0B5A27AEC4D20085C4AF /* XCRemoteSwiftPackageReference "Alamofire" */,
			);
			productRefGroup = 0DAC0B2527AEBF370085C4AF /* Products */;
			projectDirPath = "";
			projectRoot = "";
			targets = (
				0DAC0B2327AEBF370085C4AF /* RandomUserList */,
				0DAC0B3327AEBF380085C4AF /* RandomUserListTests */,
				0DAC0B3D27AEBF380085C4AF /* RandomUserListUITests */,
			);
		};
/* End PBXProject section */

/* Begin PBXResourcesBuildPhase section */
		0DAC0B2227AEBF370085C4AF /* Resources */ = {
			isa = PBXResourcesBuildPhase;
			buildActionMask = 2147483647;
			files = (
				0DAC0B2F27AEBF380085C4AF /* Preview Assets.xcassets in Resources */,
				0DAC0B2C27AEBF380085C4AF /* Assets.xcassets in Resources */,
			);
			runOnlyForDeploymentPostprocessing = 0;
		};
		0DAC0B3227AEBF380085C4AF /* Resources */ = {
			isa = PBXResourcesBuildPhase;
			buildActionMask = 2147483647;
			files = (
			);
			runOnlyForDeploymentPostprocessing = 0;
		};
		0DAC0B3C27AEBF380085C4AF /* Resources */ = {
			isa = PBXResourcesBuildPhase;
			buildActionMask = 2147483647;
			files = (
			);
			runOnlyForDeploymentPostprocessing = 0;
		};
/* End PBXResourcesBuildPhase section */

/* Begin PBXSourcesBuildPhase section */
		0DAC0B2027AEBF370085C4AF /* Sources */ = {
			isa = PBXSourcesBuildPhase;
			buildActionMask = 2147483647;
			files = (
				0DAC0B2A27AEBF370085C4AF /* ContentView.swift in Sources */,
				0DAC0B5927AEC2C80085C4AF /* RandomUserRowView.swift in Sources */,
				0DAC0B6027AEC5410085C4AF /* RandomUser+ResponseData.swift in Sources */,
				0DAC0B5427AEBF950085C4AF /* ProfileImgView.swift in Sources */,
				0D8086E527AFD23000EABDB5 /* UserDetailView.swift in Sources */,
				0D6B743127AEC81C002251E4 /* RandomUserViewModel.swift in Sources */,
				0DAC0B2827AEBF370085C4AF /* RandomUserListApp.swift in Sources */,
			);
			runOnlyForDeploymentPostprocessing = 0;
		};
		0DAC0B3027AEBF380085C4AF /* Sources */ = {
			isa = PBXSourcesBuildPhase;
			buildActionMask = 2147483647;
			files = (
				0DAC0B3927AEBF380085C4AF /* RandomUserListTests.swift in Sources */,
			);
			runOnlyForDeploymentPostprocessing = 0;
		};
		0DAC0B3A27AEBF380085C4AF /* Sources */ = {
			isa = PBXSourcesBuildPhase;
			buildActionMask = 2147483647;
			files = (
				0DAC0B4527AEBF380085C4AF /* RandomUserListUITestsLaunchTests.swift in Sources */,
				0DAC0B4327AEBF380085C4AF /* RandomUserListUITests.swift in Sources */,
			);
			runOnlyForDeploymentPostprocessing = 0;
		};
/* End PBXSourcesBuildPhase section */

/* Begin PBXTargetDependency section */
		0DAC0B3627AEBF380085C4AF /* PBXTargetDependency */ = {
			isa = PBXTargetDependency;
			target = 0DAC0B2327AEBF370085C4AF /* RandomUserList */;
			targetProxy = 0DAC0B3527AEBF380085C4AF /* PBXContainerItemProxy */;
		};
		0DAC0B4027AEBF380085C4AF /* PBXTargetDependency */ = {
			isa = PBXTargetDependency;
			target = 0DAC0B2327AEBF370085C4AF /* RandomUserList */;
			targetProxy = 0DAC0B3F27AEBF380085C4AF /* PBXContainerItemProxy */;
		};
/* End PBXTargetDependency section */

/* Begin XCBuildConfiguration section */
		0DAC0B4627AEBF380085C4AF /* Debug */ = {
			isa = XCBuildConfiguration;
			buildSettings = {
				ALWAYS_SEARCH_USER_PATHS = NO;
				CLANG_ANALYZER_NONNULL = YES;
				CLANG_ANALYZER_NUMBER_OBJECT_CONVERSION = YES_AGGRESSIVE;
				CLANG_CXX_LANGUAGE_STANDARD = "gnu++17";
				CLANG_CXX_LIBRARY = "libc++";
				CLANG_ENABLE_MODULES = YES;
				CLANG_ENABLE_OBJC_ARC = YES;
				CLANG_ENABLE_OBJC_WEAK = YES;
				CLANG_WARN_BLOCK_CAPTURE_AUTORELEASING = YES;
				CLANG_WARN_BOOL_CONVERSION = YES;
				CLANG_WARN_COMMA = YES;
				CLANG_WARN_CONSTANT_CONVERSION = YES;
				CLANG_WARN_DEPRECATED_OBJC_IMPLEMENTATIONS = YES;
				CLANG_WARN_DIRECT_OBJC_ISA_USAGE = YES_ERROR;
				CLANG_WARN_DOCUMENTATION_COMMENTS = YES;
				CLANG_WARN_EMPTY_BODY = YES;
				CLANG_WARN_ENUM_CONVERSION = YES;
				CLANG_WARN_INFINITE_RECURSION = YES;
				CLANG_WARN_INT_CONVERSION = YES;
				CLANG_WARN_NON_LITERAL_NULL_CONVERSION = YES;
				CLANG_WARN_OBJC_IMPLICIT_RETAIN_SELF = YES;
				CLANG_WARN_OBJC_LITERAL_CONVERSION = YES;
				CLANG_WARN_OBJC_ROOT_CLASS = YES_ERROR;
				CLANG_WARN_QUOTED_INCLUDE_IN_FRAMEWORK_HEADER = YES;
				CLANG_WARN_RANGE_LOOP_ANALYSIS = YES;
				CLANG_WARN_STRICT_PROTOTYPES = YES;
				CLANG_WARN_SUSPICIOUS_MOVE = YES;
				CLANG_WARN_UNGUARDED_AVAILABILITY = YES_AGGRESSIVE;
				CLANG_WARN_UNREACHABLE_CODE = YES;
				CLANG_WARN__DUPLICATE_METHOD_MATCH = YES;
				COPY_PHASE_STRIP = NO;
				DEBUG_INFORMATION_FORMAT = dwarf;
				ENABLE_STRICT_OBJC_MSGSEND = YES;
				ENABLE_TESTABILITY = YES;
				GCC_C_LANGUAGE_STANDARD = gnu11;
				GCC_DYNAMIC_NO_PIC = NO;
				GCC_NO_COMMON_BLOCKS = YES;
				GCC_OPTIMIZATION_LEVEL = 0;
				GCC_PREPROCESSOR_DEFINITIONS = (
					"DEBUG=1",
					"$(inherited)",
				);
				GCC_WARN_64_TO_32_BIT_CONVERSION = YES;
				GCC_WARN_ABOUT_RETURN_TYPE = YES_ERROR;
				GCC_WARN_UNDECLARED_SELECTOR = YES;
				GCC_WARN_UNINITIALIZED_AUTOS = YES_AGGRESSIVE;
				GCC_WARN_UNUSED_FUNCTION = YES;
				GCC_WARN_UNUSED_VARIABLE = YES;
				IPHONEOS_DEPLOYMENT_TARGET = 15.2;
				MTL_ENABLE_DEBUG_INFO = INCLUDE_SOURCE;
				MTL_FAST_MATH = YES;
				ONLY_ACTIVE_ARCH = YES;
				SDKROOT = iphoneos;
				SWIFT_ACTIVE_COMPILATION_CONDITIONS = DEBUG;
				SWIFT_OPTIMIZATION_LEVEL = "-Onone";
			};
			name = Debug;
		};
		0DAC0B4727AEBF380085C4AF /* Release */ = {
			isa = XCBuildConfiguration;
			buildSettings = {
				ALWAYS_SEARCH_USER_PATHS = NO;
				CLANG_ANALYZER_NONNULL = YES;
				CLANG_ANALYZER_NUMBER_OBJECT_CONVERSION = YES_AGGRESSIVE;
				CLANG_CXX_LANGUAGE_STANDARD = "gnu++17";
				CLANG_CXX_LIBRARY = "libc++";
				CLANG_ENABLE_MODULES = YES;
				CLANG_ENABLE_OBJC_ARC = YES;
				CLANG_ENABLE_OBJC_WEAK = YES;
				CLANG_WARN_BLOCK_CAPTURE_AUTORELEASING = YES;
				CLANG_WARN_BOOL_CONVERSION = YES;
				CLANG_WARN_COMMA = YES;
				CLANG_WARN_CONSTANT_CONVERSION = YES;
				CLANG_WARN_DEPRECATED_OBJC_IMPLEMENTATIONS = YES;
				CLANG_WARN_DIRECT_OBJC_ISA_USAGE = YES_ERROR;
				CLANG_WARN_DOCUMENTATION_COMMENTS = YES;
				CLANG_WARN_EMPTY_BODY = YES;
				CLANG_WARN_ENUM_CONVERSION = YES;
				CLANG_WARN_INFINITE_RECURSION = YES;
				CLANG_WARN_INT_CONVERSION = YES;
				CLANG_WARN_NON_LITERAL_NULL_CONVERSION = YES;
				CLANG_WARN_OBJC_IMPLICIT_RETAIN_SELF = YES;
				CLANG_WARN_OBJC_LITERAL_CONVERSION = YES;
				CLANG_WARN_OBJC_ROOT_CLASS = YES_ERROR;
				CLANG_WARN_QUOTED_INCLUDE_IN_FRAMEWORK_HEADER = YES;
				CLANG_WARN_RANGE_LOOP_ANALYSIS = YES;
				CLANG_WARN_STRICT_PROTOTYPES = YES;
				CLANG_WARN_SUSPICIOUS_MOVE = YES;
				CLANG_WARN_UNGUARDED_AVAILABILITY = YES_AGGRESSIVE;
				CLANG_WARN_UNREACHABLE_CODE = YES;
				CLANG_WARN__DUPLICATE_METHOD_MATCH = YES;
				COPY_PHASE_STRIP = NO;
				DEBUG_INFORMATION_FORMAT = "dwarf-with-dsym";
				ENABLE_NS_ASSERTIONS = NO;
				ENABLE_STRICT_OBJC_MSGSEND = YES;
				GCC_C_LANGUAGE_STANDARD = gnu11;
				GCC_NO_COMMON_BLOCKS = YES;
				GCC_WARN_64_TO_32_BIT_CONVERSION = YES;
				GCC_WARN_ABOUT_RETURN_TYPE = YES_ERROR;
				GCC_WARN_UNDECLARED_SELECTOR = YES;
				GCC_WARN_UNINITIALIZED_AUTOS = YES_AGGRESSIVE;
				GCC_WARN_UNUSED_FUNCTION = YES;
				GCC_WARN_UNUSED_VARIABLE = YES;
				IPHONEOS_DEPLOYMENT_TARGET = 15.2;
				MTL_ENABLE_DEBUG_INFO = NO;
				MTL_FAST_MATH = YES;
				SDKROOT = iphoneos;
				SWIFT_COMPILATION_MODE = wholemodule;
				SWIFT_OPTIMIZATION_LEVEL = "-O";
				VALIDATE_PRODUCT = YES;
			};
			name = Release;
		};
		0DAC0B4927AEBF380085C4AF /* Debug */ = {
			isa = XCBuildConfiguration;
			buildSettings = {
				ASSETCATALOG_COMPILER_APPICON_NAME = AppIcon;
				ASSETCATALOG_COMPILER_GLOBAL_ACCENT_COLOR_NAME = AccentColor;
				CODE_SIGN_STYLE = Automatic;
				CURRENT_PROJECT_VERSION = 1;
				DEVELOPMENT_ASSET_PATHS = "\"RandomUserList/Preview Content\"";
				DEVELOPMENT_TEAM = T4M724FLA6;
				ENABLE_PREVIEWS = YES;
				GENERATE_INFOPLIST_FILE = YES;
				INFOPLIST_KEY_UIApplicationSceneManifest_Generation = YES;
				INFOPLIST_KEY_UIApplicationSupportsIndirectInputEvents = YES;
				INFOPLIST_KEY_UILaunchScreen_Generation = YES;
				INFOPLIST_KEY_UISupportedInterfaceOrientations_iPad = "UIInterfaceOrientationPortrait UIInterfaceOrientationPortraitUpsideDown UIInterfaceOrientationLandscapeLeft UIInterfaceOrientationLandscapeRight";
				INFOPLIST_KEY_UISupportedInterfaceOrientations_iPhone = "UIInterfaceOrientationPortrait UIInterfaceOrientationLandscapeLeft UIInterfaceOrientationLandscapeRight";
				LD_RUNPATH_SEARCH_PATHS = (
					"$(inherited)",
					"@executable_path/Frameworks",
				);
				MARKETING_VERSION = 1.0;
				PRODUCT_BUNDLE_IDENTIFIER = taese0ng.RandomUserList;
				PRODUCT_NAME = "$(TARGET_NAME)";
				SWIFT_EMIT_LOC_STRINGS = YES;
				SWIFT_VERSION = 5.0;
				TARGETED_DEVICE_FAMILY = "1,2";
			};
			name = Debug;
		};
		0DAC0B4A27AEBF380085C4AF /* Release */ = {
			isa = XCBuildConfiguration;
			buildSettings = {
				ASSETCATALOG_COMPILER_APPICON_NAME = AppIcon;
				ASSETCATALOG_COMPILER_GLOBAL_ACCENT_COLOR_NAME = AccentColor;
				CODE_SIGN_STYLE = Automatic;
				CURRENT_PROJECT_VERSION = 1;
				DEVELOPMENT_ASSET_PATHS = "\"RandomUserList/Preview Content\"";
				DEVELOPMENT_TEAM = T4M724FLA6;
				ENABLE_PREVIEWS = YES;
				GENERATE_INFOPLIST_FILE = YES;
				INFOPLIST_KEY_UIApplicationSceneManifest_Generation = YES;
				INFOPLIST_KEY_UIApplicationSupportsIndirectInputEvents = YES;
				INFOPLIST_KEY_UILaunchScreen_Generation = YES;
				INFOPLIST_KEY_UISupportedInterfaceOrientations_iPad = "UIInterfaceOrientationPortrait UIInterfaceOrientationPortraitUpsideDown UIInterfaceOrientationLandscapeLeft UIInterfaceOrientationLandscapeRight";
				INFOPLIST_KEY_UISupportedInterfaceOrientations_iPhone = "UIInterfaceOrientationPortrait UIInterfaceOrientationLandscapeLeft UIInterfaceOrientationLandscapeRight";
				LD_RUNPATH_SEARCH_PATHS = (
					"$(inherited)",
					"@executable_path/Frameworks",
				);
				MARKETING_VERSION = 1.0;
				PRODUCT_BUNDLE_IDENTIFIER = taese0ng.RandomUserList;
				PRODUCT_NAME = "$(TARGET_NAME)";
				SWIFT_EMIT_LOC_STRINGS = YES;
				SWIFT_VERSION = 5.0;
				TARGETED_DEVICE_FAMILY = "1,2";
			};
			name = Release;
		};
		0DAC0B4C27AEBF380085C4AF /* Debug */ = {
			isa = XCBuildConfiguration;
			buildSettings = {
				ALWAYS_EMBED_SWIFT_STANDARD_LIBRARIES = YES;
				BUNDLE_LOADER = "$(TEST_HOST)";
				CODE_SIGN_STYLE = Automatic;
				CURRENT_PROJECT_VERSION = 1;
				DEVELOPMENT_TEAM = T4M724FLA6;
				GENERATE_INFOPLIST_FILE = YES;
				IPHONEOS_DEPLOYMENT_TARGET = 15.2;
				MARKETING_VERSION = 1.0;
				PRODUCT_BUNDLE_IDENTIFIER = taese0ng.RandomUserListTests;
				PRODUCT_NAME = "$(TARGET_NAME)";
				SWIFT_EMIT_LOC_STRINGS = NO;
				SWIFT_VERSION = 5.0;
				TARGETED_DEVICE_FAMILY = "1,2";
				TEST_HOST = "$(BUILT_PRODUCTS_DIR)/RandomUserList.app/RandomUserList";
			};
			name = Debug;
		};
		0DAC0B4D27AEBF380085C4AF /* Release */ = {
			isa = XCBuildConfiguration;
			buildSettings = {
				ALWAYS_EMBED_SWIFT_STANDARD_LIBRARIES = YES;
				BUNDLE_LOADER = "$(TEST_HOST)";
				CODE_SIGN_STYLE = Automatic;
				CURRENT_PROJECT_VERSION = 1;
				DEVELOPMENT_TEAM = T4M724FLA6;
				GENERATE_INFOPLIST_FILE = YES;
				IPHONEOS_DEPLOYMENT_TARGET = 15.2;
				MARKETING_VERSION = 1.0;
				PRODUCT_BUNDLE_IDENTIFIER = taese0ng.RandomUserListTests;
				PRODUCT_NAME = "$(TARGET_NAME)";
				SWIFT_EMIT_LOC_STRINGS = NO;
				SWIFT_VERSION = 5.0;
				TARGETED_DEVICE_FAMILY = "1,2";
				TEST_HOST = "$(BUILT_PRODUCTS_DIR)/RandomUserList.app/RandomUserList";
			};
			name = Release;
		};
		0DAC0B4F27AEBF380085C4AF /* Debug */ = {
			isa = XCBuildConfiguration;
			buildSettings = {
				ALWAYS_EMBED_SWIFT_STANDARD_LIBRARIES = YES;
				CODE_SIGN_STYLE = Automatic;
				CURRENT_PROJECT_VERSION = 1;
				DEVELOPMENT_TEAM = T4M724FLA6;
				GENERATE_INFOPLIST_FILE = YES;
				MARKETING_VERSION = 1.0;
				PRODUCT_BUNDLE_IDENTIFIER = taese0ng.RandomUserListUITests;
				PRODUCT_NAME = "$(TARGET_NAME)";
				SWIFT_EMIT_LOC_STRINGS = NO;
				SWIFT_VERSION = 5.0;
				TARGETED_DEVICE_FAMILY = "1,2";
				TEST_TARGET_NAME = RandomUserList;
			};
			name = Debug;
		};
		0DAC0B5027AEBF380085C4AF /* Release */ = {
			isa = XCBuildConfiguration;
			buildSettings = {
				ALWAYS_EMBED_SWIFT_STANDARD_LIBRARIES = YES;
				CODE_SIGN_STYLE = Automatic;
				CURRENT_PROJECT_VERSION = 1;
				DEVELOPMENT_TEAM = T4M724FLA6;
				GENERATE_INFOPLIST_FILE = YES;
				MARKETING_VERSION = 1.0;
				PRODUCT_BUNDLE_IDENTIFIER = taese0ng.RandomUserListUITests;
				PRODUCT_NAME = "$(TARGET_NAME)";
				SWIFT_EMIT_LOC_STRINGS = NO;
				SWIFT_VERSION = 5.0;
				TARGETED_DEVICE_FAMILY = "1,2";
				TEST_TARGET_NAME = RandomUserList;
			};
			name = Release;
		};
/* End XCBuildConfiguration section */

/* Begin XCConfigurationList section */
		0DAC0B1F27AEBF370085C4AF /* Build configuration list for PBXProject "RandomUserList" */ = {
			isa = XCConfigurationList;
			buildConfigurations = (
				0DAC0B4627AEBF380085C4AF /* Debug */,
				0DAC0B4727AEBF380085C4AF /* Release */,
			);
			defaultConfigurationIsVisible = 0;
			defaultConfigurationName = Release;
		};
		0DAC0B4827AEBF380085C4AF /* Build configuration list for PBXNativeTarget "RandomUserList" */ = {
			isa = XCConfigurationList;
			buildConfigurations = (
				0DAC0B4927AEBF380085C4AF /* Debug */,
				0DAC0B4A27AEBF380085C4AF /* Release */,
			);
			defaultConfigurationIsVisible = 0;
			defaultConfigurationName = Release;
		};
		0DAC0B4B27AEBF380085C4AF /* Build configuration list for PBXNativeTarget "RandomUserListTests" */ = {
			isa = XCConfigurationList;
			buildConfigurations = (
				0DAC0B4C27AEBF380085C4AF /* Debug */,
				0DAC0B4D27AEBF380085C4AF /* Release */,
			);
			defaultConfigurationIsVisible = 0;
			defaultConfigurationName = Release;
		};
		0DAC0B4E27AEBF380085C4AF /* Build configuration list for PBXNativeTarget "RandomUserListUITests" */ = {
			isa = XCConfigurationList;
			buildConfigurations = (
				0DAC0B4F27AEBF380085C4AF /* Debug */,
				0DAC0B5027AEBF380085C4AF /* Release */,
			);
			defaultConfigurationIsVisible = 0;
			defaultConfigurationName = Release;
		};
/* End XCConfigurationList section */

/* Begin XCRemoteSwiftPackageReference section */
		0DAC0B5527AEC0930085C4AF /* XCRemoteSwiftPackageReference "url-image" */ = {
			isa = XCRemoteSwiftPackageReference;
			repositoryURL = "https://github.com/dmytro-anokhin/url-image";
			requirement = {
				kind = upToNextMajorVersion;
				minimumVersion = 3.0.0;
			};
		};
		0DAC0B5A27AEC4D20085C4AF /* XCRemoteSwiftPackageReference "Alamofire" */ = {
			isa = XCRemoteSwiftPackageReference;
			repositoryURL = "https://github.com/Alamofire/Alamofire.git";
			requirement = {
				kind = upToNextMajorVersion;
				minimumVersion = 5.0.0;
			};
		};
/* End XCRemoteSwiftPackageReference section */

/* Begin XCSwiftPackageProductDependency section */
		0DAC0B5627AEC0930085C4AF /* URLImage */ = {
			isa = XCSwiftPackageProductDependency;
			package = 0DAC0B5527AEC0930085C4AF /* XCRemoteSwiftPackageReference "url-image" */;
			productName = URLImage;
		};
		0DAC0B5B27AEC4D20085C4AF /* Alamofire */ = {
			isa = XCSwiftPackageProductDependency;
			package = 0DAC0B5A27AEC4D20085C4AF /* XCRemoteSwiftPackageReference "Alamofire" */;
			productName = Alamofire;
		};
/* End XCSwiftPackageProductDependency section */
	};
	rootObject = 0DAC0B1C27AEBF370085C4AF /* Project object */;
}
